
Microsoft Visual Studio Solution File, Format Version 12.00
# Visual Studio Version 17
VisualStudioVersion = 17.0.31919.166
MinimumVisualStudioVersion = 10.0.40219.1
Project("{FAE04EC0-301F-11D3-BF4B-00C04F79EFBC}") = "AutoKolcsonzo", "AutoKolcsonzo\AutoKolcsonzo.csproj", "{A2B9B286-2547-456D-90D1-38C0308D0BCD}"
EndProject
Global
	GlobalSection(SolutionConfigurationPlatforms) = preSolution
		Debug|Any CPU = Debug|Any CPU
		Release|Any CPU = Release|Any CPU
	EndGlobalSection
	GlobalSection(ProjectConfigurationPlatforms) = postSolution
		{A2B9B286-2547-456D-90D1-38C0308D0BCD}.Debug|Any CPU.ActiveCfg = Debug|Any CPU
		{A2B9B286-2547-456D-90D1-38C0308D0BCD}.Debug|Any CPU.Build.0 = Debug|Any CPU
		{A2B9B286-2547-456D-90D1-38C0308D0BCD}.Release|Any CPU.ActiveCfg = Release|Any CPU
		{A2B9B286-2547-456D-90D1-38C0308D0BCD}.Release|Any CPU.Build.0 = Release|Any CPU
	EndGlobalSection
	GlobalSection(SolutionProperties) = preSolution
		HideSolutionNode = FALSE
	EndGlobalSection
	GlobalSection(ExtensibilityGlobals) = postSolution
		SolutionGuid = {68E0FEF8-8A8F-4D78-A469-16B231D67B24}
	EndGlobalSection
EndGlobal
